
Microsoft Visual Studio Solution File, Format Version 12.00
# Visual Studio Version 17
VisualStudioVersion = 17.5.002.0
MinimumVisualStudioVersion = 10.0.40219.1
Project("{9A19103F-16F7-4668-BE54-9A1E7A4F7556}") = "myfirstapi", "myfirstapi\myfirstapi.csproj", "{70B63908-D997-45EC-9BE6-F9DC0AF61EA4}"
EndProject
Global
	GlobalSection(SolutionConfigurationPlatforms) = preSolution
		Debug|Any CPU = Debug|Any CPU
		Release|Any CPU = Release|Any CPU
	EndGlobalSection
	GlobalSection(ProjectConfigurationPlatforms) = postSolution
		{70B63908-D997-45EC-9BE6-F9DC0AF61EA4}.Debug|Any CPU.ActiveCfg = Debug|Any CPU
		{70B63908-D997-45EC-9BE6-F9DC0AF61EA4}.Debug|Any CPU.Build.0 = Debug|Any CPU
		{70B63908-D997-45EC-9BE6-F9DC0AF61EA4}.Release|Any CPU.ActiveCfg = Release|Any CPU
		{70B63908-D997-45EC-9BE6-F9DC0AF61EA4}.Release|Any CPU.Build.0 = Release|Any CPU
	EndGlobalSection
	GlobalSection(SolutionProperties) = preSolution
		HideSolutionNode = FALSE
	EndGlobalSection
	GlobalSection(ExtensibilityGlobals) = postSolution
		SolutionGuid = {5401E060-68B5-49AA-87E1-D5A1FFF55035}
	EndGlobalSection
EndGlobal
